
Microsoft Visual Studio Solution File, Format Version 12.00
Project("{FAE04EC0-301F-11D3-BF4B-00C04F79EFBC}") = "sqlStreamOutput", "sqlStreamOutput\sqlStreamOutput.csproj", "{B3A9B213-1562-44DA-8E6B-F2E95DE28947}"
EndProject
Global
	GlobalSection(SolutionConfigurationPlatforms) = preSolution
		Debug|Any CPU = Debug|Any CPU
		Release|Any CPU = Release|Any CPU
	EndGlobalSection
	GlobalSection(ProjectConfigurationPlatforms) = postSolution
		{B3A9B213-1562-44DA-8E6B-F2E95DE28947}.Debug|Any CPU.ActiveCfg = Debug|Any CPU
		{B3A9B213-1562-44DA-8E6B-F2E95DE28947}.Debug|Any CPU.Build.0 = Debug|Any CPU
		{B3A9B213-1562-44DA-8E6B-F2E95DE28947}.Release|Any CPU.ActiveCfg = Release|Any CPU
		{B3A9B213-1562-44DA-8E6B-F2E95DE28947}.Release|Any CPU.Build.0 = Release|Any CPU
	EndGlobalSection
EndGlobal
